hash: 75e676f816838b2039075c0760db70bbbee9550e05eecca9ddd2ddb2873b095e
updated: 2019-02-10T14:50:05.432399+05:30
imports:
- name: github.com/tecbot/gorocksdb
  version: 3e476152774442234f9a9f747386a48a1d82a515
- name: gopkg.in/yaml.v2
  version: 7f97868eec74b32b0982dd158a51a446d1da7eb5
testImports: []
